
Microsoft Visual Studio Solution File, Format Version 12.00
# Visual Studio Version 17
VisualStudioVersion = 17.9.34728.123
MinimumVisualStudioVersion = 10.0.40219.1
Project("{9A19103F-16F7-4668-BE54-9A1E7A4F7556}") = "TextureTrigger", "TextureTrigger\TextureTrigger.csproj", "{B5280BA2-124C-4F46-8249-3A7BA8F7219B}"
EndProject
Project("{9A19103F-16F7-4668-BE54-9A1E7A4F7556}") = "ReleaseTool", "ReleaseTool\ReleaseTool.csproj", "{6EDE4888-CF17-4D00-9BBB-EA70C7EDE21C}"
EndProject
Project("{FAE04EC0-301F-11D3-BF4B-00C04F79EFBC}") = "SVS_Subtitles", "SVS_Subtitles\SVS_Subtitles.csproj", "{5255AA45-CC31-429C-9CAE-86A9A025B1E1}"
EndProject
Global
	GlobalSection(SolutionConfigurationPlatforms) = preSolution
		Debug|Any CPU = Debug|Any CPU
		Release|Any CPU = Release|Any CPU
	EndGlobalSection
	GlobalSection(ProjectConfigurationPlatforms) = postSolution
		{B5280BA2-124C-4F46-8249-3A7BA8F7219B}.Debug|Any CPU.ActiveCfg = Debug|Any CPU
		{B5280BA2-124C-4F46-8249-3A7BA8F7219B}.Debug|Any CPU.Build.0 = Debug|Any CPU
		{B5280BA2-124C-4F46-8249-3A7BA8F7219B}.Release|Any CPU.ActiveCfg = Release|Any CPU
		{B5280BA2-124C-4F46-8249-3A7BA8F7219B}.Release|Any CPU.Build.0 = Release|Any CPU
		{6EDE4888-CF17-4D00-9BBB-EA70C7EDE21C}.Debug|Any CPU.ActiveCfg = Debug|Any CPU
		{6EDE4888-CF17-4D00-9BBB-EA70C7EDE21C}.Debug|Any CPU.Build.0 = Debug|Any CPU
		{6EDE4888-CF17-4D00-9BBB-EA70C7EDE21C}.Release|Any CPU.ActiveCfg = Release|Any CPU
		{6EDE4888-CF17-4D00-9BBB-EA70C7EDE21C}.Release|Any CPU.Build.0 = Release|Any CPU
		{5255AA45-CC31-429C-9CAE-86A9A025B1E1}.Debug|Any CPU.ActiveCfg = Debug|Any CPU
		{5255AA45-CC31-429C-9CAE-86A9A025B1E1}.Debug|Any CPU.Build.0 = Debug|Any CPU
		{5255AA45-CC31-429C-9CAE-86A9A025B1E1}.Release|Any CPU.ActiveCfg = Release|Any CPU
		{5255AA45-CC31-429C-9CAE-86A9A025B1E1}.Release|Any CPU.Build.0 = Release|Any CPU
	EndGlobalSection
	GlobalSection(SolutionProperties) = preSolution
		HideSolutionNode = FALSE
	EndGlobalSection
	GlobalSection(ExtensibilityGlobals) = postSolution
		SolutionGuid = {95D26226-373F-4A51-B900-FFAE06B88143}
	EndGlobalSection
EndGlobal
